
Microsoft Visual Studio Solution File, Format Version 10.00
# Visual Studio 2008
Project("{8BC9CEB8-8B4A-11D0-8D11-00A0C91BC942}") = "CheckMu8", "CheckMu8.vcproj", "{67BE282B-4767-47F4-8910-6D7DC4181F92}"
EndProject
Global
	GlobalSection(SolutionConfigurationPlatforms) = preSolution
		Debug|Win32 = Debug|Win32
		Release|Win32 = Release|Win32
	EndGlobalSection
	GlobalSection(ProjectConfigurationPlatforms) = postSolution
		{67BE282B-4767-47F4-8910-6D7DC4181F92}.Debug|Win32.ActiveCfg = Debug|Win32
		{67BE282B-4767-47F4-8910-6D7DC4181F92}.Debug|Win32.Build.0 = Debug|Win32
		{67BE282B-4767-47F4-8910-6D7DC4181F92}.Release|Win32.ActiveCfg = Release|Win32
		{67BE282B-4767-47F4-8910-6D7DC4181F92}.Release|Win32.Build.0 = Release|Win32
	EndGlobalSection
	GlobalSection(SolutionProperties) = preSolution
		HideSolutionNode = FALSE
	EndGlobalSection
EndGlobal
